
Microsoft Visual Studio Solution File, Format Version 12.00
# Visual Studio Version 16
VisualStudioVersion = 16.0.30804.86
MinimumVisualStudioVersion = 10.0.40219.1
Project("{FAE04EC0-301F-11D3-BF4B-00C04F79EFBC}") = "WindowsFormsApp1", "WindowsFormsApp1.csproj", "{3ED1EDFD-AF54-452A-9C7E-7FFA0E0C7F88}"
EndProject
Global
	GlobalSection(SolutionConfigurationPlatforms) = preSolution
		Debug|Any CPU = Debug|Any CPU
		Release|Any CPU = Release|Any CPU
	EndGlobalSection
	GlobalSection(ProjectConfigurationPlatforms) = postSolution
		{3ED1EDFD-AF54-452A-9C7E-7FFA0E0C7F88}.Debug|Any CPU.ActiveCfg = Debug|Any CPU
		{3ED1EDFD-AF54-452A-9C7E-7FFA0E0C7F88}.Debug|Any CPU.Build.0 = Debug|Any CPU
		{3ED1EDFD-AF54-452A-9C7E-7FFA0E0C7F88}.Release|Any CPU.ActiveCfg = Release|Any CPU
		{3ED1EDFD-AF54-452A-9C7E-7FFA0E0C7F88}.Release|Any CPU.Build.0 = Release|Any CPU
	EndGlobalSection
	GlobalSection(SolutionProperties) = preSolution
		HideSolutionNode = FALSE
	EndGlobalSection
	GlobalSection(ExtensibilityGlobals) = postSolution
		SolutionGuid = {A3CFCBFD-5E86-48B6-85B0-0B84450D4751}
	EndGlobalSection
EndGlobal
